
Microsoft Visual Studio Solution File, Format Version 11.00
# Visual Studio 2010
Project("{8BC9CEB8-8B4A-11D0-8D11-00A0C91BC942}") = "LdsCdma_NBLDPC", "LdsCdma_NBLDPC\LdsCdma_NBLDPC.vcxproj", "{BDC2A5A2-B55C-4299-9C41-79B82A346545}"
EndProject
Global
	GlobalSection(SolutionConfigurationPlatforms) = preSolution
		Debug|Win32 = Debug|Win32
		Release|Win32 = Release|Win32
	EndGlobalSection
	GlobalSection(ProjectConfigurationPlatforms) = postSolution
		{BDC2A5A2-B55C-4299-9C41-79B82A346545}.Debug|Win32.ActiveCfg = Debug|Win32
		{BDC2A5A2-B55C-4299-9C41-79B82A346545}.Debug|Win32.Build.0 = Debug|Win32
		{BDC2A5A2-B55C-4299-9C41-79B82A346545}.Release|Win32.ActiveCfg = Release|Win32
		{BDC2A5A2-B55C-4299-9C41-79B82A346545}.Release|Win32.Build.0 = Release|Win32
	EndGlobalSection
	GlobalSection(SolutionProperties) = preSolution
		HideSolutionNode = FALSE
	EndGlobalSection
EndGlobal
